
Microsoft Visual Studio Solution File, Format Version 12.00
# Visual Studio 15
Project("{FAE04EC0-301F-11D3-BF4B-00C04F79EFBC}") = "Assembly-CSharp-firstpass", "Assembly-CSharp-firstpass.csproj", "{EA1FE12C-30F6-B183-DD8B-35D5D487BC3B}"
EndProject
Project("{FAE04EC0-301F-11D3-BF4B-00C04F79EFBC}") = "Assembly-CSharp", "Assembly-CSharp.csproj", "{3FDF01EF-76AF-6B64-1446-E0161B2E5933}"
EndProject
Project("{FAE04EC0-301F-11D3-BF4B-00C04F79EFBC}") = "Assembly-CSharp-Editor-firstpass", "Assembly-CSharp-Editor-firstpass.csproj", "{12078E71-3AE7-D283-1085-7ACC50E0651E}"
EndProject
Global
	GlobalSection(SolutionConfigurationPlatforms) = preSolution
		Debug|Any CPU = Debug|Any CPU
		Release|Any CPU = Release|Any CPU
	EndGlobalSection
	GlobalSection(ProjectConfigurationPlatforms) = postSolution
		{EA1FE12C-30F6-B183-DD8B-35D5D487BC3B}.Debug|Any CPU.ActiveCfg = Debug|Any CPU
		{EA1FE12C-30F6-B183-DD8B-35D5D487BC3B}.Debug|Any CPU.Build.0 = Debug|Any CPU
		{EA1FE12C-30F6-B183-DD8B-35D5D487BC3B}.Release|Any CPU.ActiveCfg = Release|Any CPU
		{EA1FE12C-30F6-B183-DD8B-35D5D487BC3B}.Release|Any CPU.Build.0 = Release|Any CPU
		{3FDF01EF-76AF-6B64-1446-E0161B2E5933}.Debug|Any CPU.ActiveCfg = Debug|Any CPU
		{3FDF01EF-76AF-6B64-1446-E0161B2E5933}.Debug|Any CPU.Build.0 = Debug|Any CPU
		{3FDF01EF-76AF-6B64-1446-E0161B2E5933}.Release|Any CPU.ActiveCfg = Release|Any CPU
		{3FDF01EF-76AF-6B64-1446-E0161B2E5933}.Release|Any CPU.Build.0 = Release|Any CPU
		{12078E71-3AE7-D283-1085-7ACC50E0651E}.Debug|Any CPU.ActiveCfg = Debug|Any CPU
		{12078E71-3AE7-D283-1085-7ACC50E0651E}.Debug|Any CPU.Build.0 = Debug|Any CPU
		{12078E71-3AE7-D283-1085-7ACC50E0651E}.Release|Any CPU.ActiveCfg = Release|Any CPU
		{12078E71-3AE7-D283-1085-7ACC50E0651E}.Release|Any CPU.Build.0 = Release|Any CPU
	EndGlobalSection
	GlobalSection(SolutionProperties) = preSolution
		HideSolutionNode = FALSE
	EndGlobalSection
EndGlobal
